{
    "_meta": {
        "hash": {
            "sha256": "9f471f515df39c8316501913eb368f062ebb9b3553b0124d874fd8a4fcb434b1"
        },
        "pipfile-spec": 6,
        "requires": {
            "python_version": "3.8"
        },
        "sources": [
            {
                "name": "pypi",
                "url": "https://pypi.org/simple",
                "verify_ssl": true
            }
        ]
    },
    "default": {
        "asgiref": {
            "hashes": [
                "sha256:71e68008da809b957b7ee4b43dbccff33d1b23519fb8344e33f049897077afac",
                "sha256:9567dfe7bd8d3c8c892227827c41cce860b368104c3431da67a0c5a65a949506"
            ],
            "markers": "python_version >= '3.7'",
            "version": "==3.6.0"
        },
        "backports.zoneinfo": {
            "hashes": [
                "sha256:17746bd546106fa389c51dbea67c8b7c8f0d14b5526a579ca6ccf5ed72c526cf",
                "sha256:1b13e654a55cd45672cb54ed12148cd33628f672548f373963b0bff67b217328",
                "sha256:1c5742112073a563c81f786e77514969acb58649bcdf6cdf0b4ed31a348d4546",
                "sha256:4a0f800587060bf8880f954dbef70de6c11bbe59c673c3d818921f042f9954a6",
                "sha256:5c144945a7752ca544b4b78c8c41544cdfaf9786f25fe5ffb10e838e19a27570",
                "sha256:7b0a64cda4145548fed9efc10322770f929b944ce5cee6c0dfe0c87bf4c0c8c9",
                "sha256:8439c030a11780786a2002261569bdf362264f605dfa4d65090b64b05c9f79a7",
                "sha256:8961c0f32cd0336fb8e8ead11a1f8cd99ec07145ec2931122faaac1c8f7fd987",
                "sha256:89a48c0d158a3cc3f654da4c2de1ceba85263fafb861b98b59040a5086259722",
                "sha256:a76b38c52400b762e48131494ba26be363491ac4f9a04c1b7e92483d169f6582",
                "sha256:da6013fd84a690242c310d77ddb8441a559e9cb3d3d59ebac9aca1a57b2e18bc",
                "sha256:e55b384612d93be96506932a786bbcde5a2db7a9e6a4bb4bffe8b733f5b9036b",
                "sha256:e81b76cace8eda1fca50e345242ba977f9be6ae3945af8d46326d776b4cf78d1",
                "sha256:e8236383a20872c0cdf5a62b554b27538db7fa1bbec52429d8d106effbaeca08",
                "sha256:f04e857b59d9d1ccc39ce2da1021d196e47234873820cbeaad210724b1ee28ac",
                "sha256:fadbfe37f74051d024037f223b8e001611eac868b5c5b06144ef4d8b799862f2"
            ],
            "markers": "python_version < '3.9'",
            "version": "==0.2.1"
        },
        "dj-database-url": {
            "hashes": [
                "sha256:5c2993b91801c0f78a8b19e642b497b90831124cbade0c265900d4c1037b4730",
                "sha256:b23b15046cb38180e0c95207bcc90fe5e9dbde8eef16065907dd85cf4ca7036c"
            ],
            "version": "==1.2.0"
        },
        "django": {
            "hashes": [
                "sha256:44f714b81c5f190d9d2ddad01a532fe502fa01c4cb8faf1d081f4264ed15dcd8",
                "sha256:f2f431e75adc40039ace496ad3b9f17227022e8b11566f4b363da44c7e44761e"
            ],
            "markers": "python_version >= '3.8'",
            "version": "==4.1.7"
        },
        "django-heroku": {
            "hashes": [
                "sha256:2bc690aab89eedbe01311752320a9a12e7548e3b0ed102681acc5736a41a4762",
                "sha256:6af4bc3ae4a9b55eaad6dbe5164918982d2762661aebc9f83d9fa49f6009514e"
            ],
            "index": "pypi",
            "version": "==0.3.1"
        },
        "gunicorn": {
            "hashes": [
                "sha256:9dcc4547dbb1cb284accfb15ab5667a0e5d1881cc443e0677b4882a4067a807e",
                "sha256:e0a968b5ba15f8a328fdfd7ab1fcb5af4470c28aaf7e55df02a99bc13138e6e8"
            ],
            "index": "pypi",
            "version": "==20.1.0"
        },
        "psycopg2": {
            "hashes": [
                "sha256:093e3894d2d3c592ab0945d9eba9d139c139664dcf83a1c440b8a7aa9bb21955",
                "sha256:190d51e8c1b25a47484e52a79638a8182451d6f6dff99f26ad9bd81e5359a0fa",
                "sha256:1a5c7d7d577e0eabfcf15eb87d1e19314c8c4f0e722a301f98e0e3a65e238b4e",
                "sha256:1e5a38aa85bd660c53947bd28aeaafb6a97d70423606f1ccb044a03a1203fe4a",
                "sha256:322fd5fca0b1113677089d4ebd5222c964b1760e361f151cbb2706c4912112c5",
                "sha256:4cb9936316d88bfab614666eb9e32995e794ed0f8f6b3b718666c22819c1d7ee",
                "sha256:920bf418000dd17669d2904472efeab2b20546efd0548139618f8fa305d1d7ad",
                "sha256:922cc5f0b98a5f2b1ff481f5551b95cd04580fd6f0c72d9b22e6c0145a4840e0",
                "sha256:a5246d2e683a972e2187a8714b5c2cf8156c064629f9a9b1a873c1730d9e245a",
                "sha256:b9ac1b0d8ecc49e05e4e182694f418d27f3aedcfca854ebd6c05bb1cffa10d6d",
                "sha256:d3ef67e630b0de0779c42912fe2cbae3805ebaba30cda27fea2a3de650a9414f",
                "sha256:f5b6320dbc3cf6cfb9f25308286f9f7ab464e65cfb105b64cc9c52831748ced2",
                "sha256:fc04dd5189b90d825509caa510f20d1d504761e78b8dfb95a0ede180f71d50e5"
            ],
            "markers": "python_version >= '3.6'",
            "version": "==2.9.5"
        },
        "setuptools": {
            "hashes": [
                "sha256:2ee892cd5f29f3373097f5a814697e397cf3ce313616df0af11231e2ad118077",
                "sha256:b78aaa36f6b90a074c1fa651168723acbf45d14cb1196b6f02c0fd07f17623b2"
            ],
            "markers": "python_version >= '3.7'",
            "version": "==67.6.0"
        },
        "six": {
            "hashes": [
                "sha256:1e61c37477a1626458e36f7b1d82aa5c9b094fa4802892072e49de9c60c4c926",
                "sha256:8abb2f1d86890a2dfb989f9a77cfcfd3e47c2a354b01111771326f8aa26e0254"
            ],
            "index": "pypi",
            "version": "==1.16.0"
        },
        "sqlparse": {
            "hashes": [
                "sha256:0323c0ec29cd52bceabc1b4d9d579e311f3e4961b98d174201d5622a23b85e34",
                "sha256:69ca804846bb114d2ec380e4360a8a340db83f0ccf3afceeb1404df028f57268"
            ],
            "markers": "python_version >= '3.5'",
            "version": "==0.4.3"
        },
        "whitenoise": {
            "hashes": [
                "sha256:599dc6ca57e48929dfeffb2e8e187879bfe2aed0d49ca419577005b7f2cc930b",
                "sha256:a02d6660ad161ff17e3042653c8e3f5ecbb2a2481a006bde125b9efb9a30113a"
            ],
            "markers": "python_version >= '3.7'",
            "version": "==6.4.0"
        }
    },
    "develop": {}
}
